
Microsoft Visual Studio Solution File, Format Version 12.00
# Visual Studio Version 17
VisualStudioVersion = 17.9.34902.65
MinimumVisualStudioVersion = 10.0.40219.1
Project("{FAE04EC0-301F-11D3-BF4B-00C04F79EFBC}") = "AmazonProject", "AmazonProject.csproj", "{7B0E30C4-9E88-4C70-8C48-EA2829781587}"
EndProject
Project("{FAE04EC0-301F-11D3-BF4B-00C04F79EFBC}") = "AWS.library", "..\AWS.library\AWS.library.csproj", "{FA4CBAB6-FE79-4CFC-942F-D8A4B935C9A6}"
EndProject
Global
	GlobalSection(SolutionConfigurationPlatforms) = preSolution
		Debug|Any CPU = Debug|Any CPU
		Release|Any CPU = Release|Any CPU
	EndGlobalSection
	GlobalSection(ProjectConfigurationPlatforms) = postSolution
		{7B0E30C4-9E88-4C70-8C48-EA2829781587}.Debug|Any CPU.ActiveCfg = Debug|Any CPU
		{7B0E30C4-9E88-4C70-8C48-EA2829781587}.Debug|Any CPU.Build.0 = Debug|Any CPU
		{7B0E30C4-9E88-4C70-8C48-EA2829781587}.Release|Any CPU.ActiveCfg = Release|Any CPU
		{7B0E30C4-9E88-4C70-8C48-EA2829781587}.Release|Any CPU.Build.0 = Release|Any CPU
		{FA4CBAB6-FE79-4CFC-942F-D8A4B935C9A6}.Debug|Any CPU.ActiveCfg = Debug|Any CPU
		{FA4CBAB6-FE79-4CFC-942F-D8A4B935C9A6}.Debug|Any CPU.Build.0 = Debug|Any CPU
		{FA4CBAB6-FE79-4CFC-942F-D8A4B935C9A6}.Release|Any CPU.ActiveCfg = Release|Any CPU
		{FA4CBAB6-FE79-4CFC-942F-D8A4B935C9A6}.Release|Any CPU.Build.0 = Release|Any CPU
	EndGlobalSection
	GlobalSection(SolutionProperties) = preSolution
		HideSolutionNode = FALSE
	EndGlobalSection
	GlobalSection(ExtensibilityGlobals) = postSolution
		SolutionGuid = {E50E352D-58B6-40EE-8D1D-0AF8AD185596}
	EndGlobalSection
EndGlobal
